// !$*UTF8*$!
{
	archiveVersion = 1;
	classes = {
	};
	objectVersion = 50;
	objects = {

/* Begin PBXBuildFile section */
		42861B6923A01C6C00A8A210 /* AppDelegate.swift in Sources */ = {isa = PBXBuildFile; fileRef = 42861B6823A01C6C00A8A210 /* AppDelegate.swift */; };
		42861B6D23A01C6C00A8A210 /* ViewController.swift in Sources */ = {isa = PBXBuildFile; fileRef = 42861B6C23A01C6C00A8A210 /* ViewController.swift */; };
		42861B7023A01C6C00A8A210 /* Main.storyboard in Resources */ = {isa = PBXBuildFile; fileRef = 42861B6E23A01C6C00A8A210 /* Main.storyboard */; };
		42861B7223A01C6E00A8A210 /* Assets.xcassets in Resources */ = {isa = PBXBuildFile; fileRef = 42861B7123A01C6E00A8A210 /* Assets.xcassets */; };
		42861B7523A01C6E00A8A210 /* LaunchScreen.storyboard in Resources */ = {isa = PBXBuildFile; fileRef = 42861B7323A01C6E00A8A210 /* LaunchScreen.storyboard */; };
		42861B9523A0219F00A8A210 /* Realm.framework in Frameworks */ = {isa = PBXBuildFile; fileRef = 42861B7F23A0219E00A8A210 /* Realm.framework */; };
		42861B9D23A0219F00A8A210 /* GTMSessionFetcher.framework in Frameworks */ = {isa = PBXBuildFile; fileRef = 42861B8323A0219F00A8A210 /* GTMSessionFetcher.framework */; };
		42861B9F23A0219F00A8A210 /* Protobuf.framework in Frameworks */ = {isa = PBXBuildFile; fileRef = 42861B8423A0219F00A8A210 /* Protobuf.framework */; };
		42861BAF23A021A000A8A210 /* FIRAnalyticsConnector.framework in Frameworks */ = {isa = PBXBuildFile; fileRef = 42861B8C23A0219F00A8A210 /* FIRAnalyticsConnector.framework */; };
		42861BB523A021A000A8A210 /* nanopb.framework in Frameworks */ = {isa = PBXBuildFile; fileRef = 42861B8F23A0219F00A8A210 /* nanopb.framework */; };
		42861BB723A021A000A8A210 /* RealmSwift.framework in Frameworks */ = {isa = PBXBuildFile; fileRef = 42861B9023A0219F00A8A210 /* RealmSwift.framework */; };
		42861BBB23A021A000A8A210 /* Firebase.framework in Frameworks */ = {isa = PBXBuildFile; fileRef = 42861B9223A0219F00A8A210 /* Firebase.framework */; };
		42861BBE23A021C400A8A210 /* FirebaseABTesting.framework in Frameworks */ = {isa = PBXBuildFile; fileRef = 42861B9123A0219F00A8A210 /* FirebaseABTesting.framework */; };
		42861BC023A021C400A8A210 /* FirebaseAnalytics.framework in Frameworks */ = {isa = PBXBuildFile; fileRef = 42861B8023A0219E00A8A210 /* FirebaseAnalytics.framework */; };
		42861BC223A021C500A8A210 /* FirebaseCore.framework in Frameworks */ = {isa = PBXBuildFile; fileRef = 42861B8B23A0219F00A8A210 /* FirebaseCore.framework */; };
		42861BC423A021C500A8A210 /* FirebaseCoreDiagnostics.framework in Frameworks */ = {isa = PBXBuildFile; fileRef = 42861B8A23A0219F00A8A210 /* FirebaseCoreDiagnostics.framework */; };
		42861BC623A021C500A8A210 /* FirebaseInAppMessaging.framework in Frameworks */ = {isa = PBXBuildFile; fileRef = 42861B8D23A0219F00A8A210 /* FirebaseInAppMessaging.framework */; };
		42861BC823A021C500A8A210 /* FirebaseInAppMessagingDisplay.framework in Frameworks */ = {isa = PBXBuildFile; fileRef = 42861B8223A0219F00A8A210 /* FirebaseInAppMessagingDisplay.framework */; };
		42861BCA23A021C500A8A210 /* FirebaseInstanceID.framework in Frameworks */ = {isa = PBXBuildFile; fileRef = 42861B8923A0219F00A8A210 /* FirebaseInstanceID.framework */; };
		42861BCC23A021C500A8A210 /* FirebasePerformance.framework in Frameworks */ = {isa = PBXBuildFile; fileRef = 42861B8E23A0219F00A8A210 /* FirebasePerformance.framework */; };
		42861BCE23A021C500A8A210 /* FirebaseRemoteConfig.framework in Frameworks */ = {isa = PBXBuildFile; fileRef = 42861B8523A0219F00A8A210 /* FirebaseRemoteConfig.framework */; };
		42861BD023A021C600A8A210 /* GoogleAppMeasurement.framework in Frameworks */ = {isa = PBXBuildFile; fileRef = 42861B8623A0219F00A8A210 /* GoogleAppMeasurement.framework */; };
		42861BD223A021C600A8A210 /* GoogleDataTransport.framework in Frameworks */ = {isa = PBXBuildFile; fileRef = 42861B8123A0219F00A8A210 /* GoogleDataTransport.framework */; };
		42861BD423A021C600A8A210 /* GoogleDataTransportCCTSupport.framework in Frameworks */ = {isa = PBXBuildFile; fileRef = 42861B8723A0219F00A8A210 /* GoogleDataTransportCCTSupport.framework */; };
		42861BD623A021C600A8A210 /* GoogleToolboxForMac.framework in Frameworks */ = {isa = PBXBuildFile; fileRef = 42861B7E23A0219E00A8A210 /* GoogleToolboxForMac.framework */; };
		42861BD823A021C600A8A210 /* GoogleUtilities.framework in Frameworks */ = {isa = PBXBuildFile; fileRef = 42861B8823A0219F00A8A210 /* GoogleUtilities.framework */; };
/* End PBXBuildFile section */

/* Begin PBXFileReference section */
		42861B6523A01C6C00A8A210 /* CarthageComparison.app */ = {isa = PBXFileReference; explicitFileType = wrapper.application; includeInIndex = 0; path = CarthageComparison.app; sourceTree = BUILT_PRODUCTS_DIR; };
		42861B6823A01C6C00A8A210 /* AppDelegate.swift */ = {isa = PBXFileReference; lastKnownFileType = sourcecode.swift; path = AppDelegate.swift; sourceTree = "<group>"; };
		42861B6C23A01C6C00A8A210 /* ViewController.swift */ = {isa = PBXFileReference; lastKnownFileType = sourcecode.swift; path = ViewController.swift; sourceTree = "<group>"; };
		42861B6F23A01C6C00A8A210 /* Base */ = {isa = PBXFileReference; lastKnownFileType = file.storyboard; name = Base; path = Base.lproj/Main.storyboard; sourceTree = "<group>"; };
		42861B7123A01C6E00A8A210 /* Assets.xcassets */ = {isa = PBXFileReference; lastKnownFileType = folder.assetcatalog; path = Assets.xcassets; sourceTree = "<group>"; };
		42861B7423A01C6E00A8A210 /* Base */ = {isa = PBXFileReference; lastKnownFileType = file.storyboard; name = Base; path = Base.lproj/LaunchScreen.storyboard; sourceTree = "<group>"; };
		42861B7623A01C6E00A8A210 /* Info.plist */ = {isa = PBXFileReference; lastKnownFileType = text.plist.xml; path = Info.plist; sourceTree = "<group>"; };
		42861B7E23A0219E00A8A210 /* GoogleToolboxForMac.framework */ = {isa = PBXFileReference; lastKnownFileType = wrapper.framework; name = GoogleToolboxForMac.framework; path = Carthage/Build/iOS/GoogleToolboxForMac.framework; sourceTree = "<group>"; };
		42861B7F23A0219E00A8A210 /* Realm.framework */ = {isa = PBXFileReference; lastKnownFileType = wrapper.framework; name = Realm.framework; path = Carthage/Build/iOS/Realm.framework; sourceTree = "<group>"; };
		42861B8023A0219E00A8A210 /* FirebaseAnalytics.framework */ = {isa = PBXFileReference; lastKnownFileType = wrapper.framework; name = FirebaseAnalytics.framework; path = Carthage/Build/iOS/FirebaseAnalytics.framework; sourceTree = "<group>"; };
		42861B8123A0219F00A8A210 /* GoogleDataTransport.framework */ = {isa = PBXFileReference; lastKnownFileType = wrapper.framework; name = GoogleDataTransport.framework; path = Carthage/Build/iOS/GoogleDataTransport.framework; sourceTree = "<group>"; };
		42861B8223A0219F00A8A210 /* FirebaseInAppMessagingDisplay.framework */ = {isa = PBXFileReference; lastKnownFileType = wrapper.framework; name = FirebaseInAppMessagingDisplay.framework; path = Carthage/Build/iOS/FirebaseInAppMessagingDisplay.framework; sourceTree = "<group>"; };
		42861B8323A0219F00A8A210 /* GTMSessionFetcher.framework */ = {isa = PBXFileReference; lastKnownFileType = wrapper.framework; name = GTMSessionFetcher.framework; path = Carthage/Build/iOS/GTMSessionFetcher.framework; sourceTree = "<group>"; };
		42861B8423A0219F00A8A210 /* Protobuf.framework */ = {isa = PBXFileReference; lastKnownFileType = wrapper.framework; name = Protobuf.framework; path = Carthage/Build/iOS/Protobuf.framework; sourceTree = "<group>"; };
		42861B8523A0219F00A8A210 /* FirebaseRemoteConfig.framework */ = {isa = PBXFileReference; lastKnownFileType = wrapper.framework; name = FirebaseRemoteConfig.framework; path = Carthage/Build/iOS/FirebaseRemoteConfig.framework; sourceTree = "<group>"; };
		42861B8623A0219F00A8A210 /* GoogleAppMeasurement.framework */ = {isa = PBXFileReference; lastKnownFileType = wrapper.framework; name = GoogleAppMeasurement.framework; path = Carthage/Build/iOS/GoogleAppMeasurement.framework; sourceTree = "<group>"; };
		42861B8723A0219F00A8A210 /* GoogleDataTransportCCTSupport.framework */ = {isa = PBXFileReference; lastKnownFileType = wrapper.framework; name = GoogleDataTransportCCTSupport.framework; path = Carthage/Build/iOS/GoogleDataTransportCCTSupport.framework; sourceTree = "<group>"; };
		42861B8823A0219F00A8A210 /* GoogleUtilities.framework */ = {isa = PBXFileReference; lastKnownFileType = wrapper.framework; name = GoogleUtilities.framework; path = Carthage/Build/iOS/GoogleUtilities.framework; sourceTree = "<group>"; };
		42861B8923A0219F00A8A210 /* FirebaseInstanceID.framework */ = {isa = PBXFileReference; lastKnownFileType = wrapper.framework; name = FirebaseInstanceID.framework; path = Carthage/Build/iOS/FirebaseInstanceID.framework; sourceTree = "<group>"; };
		42861B8A23A0219F00A8A210 /* FirebaseCoreDiagnostics.framework */ = {isa = PBXFileReference; lastKnownFileType = wrapper.framework; name = FirebaseCoreDiagnostics.framework; path = Carthage/Build/iOS/FirebaseCoreDiagnostics.framework; sourceTree = "<group>"; };
		42861B8B23A0219F00A8A210 /* FirebaseCore.framework */ = {isa = PBXFileReference; lastKnownFileType = wrapper.framework; name = FirebaseCore.framework; path = Carthage/Build/iOS/FirebaseCore.framework; sourceTree = "<group>"; };
		42861B8C23A0219F00A8A210 /* FIRAnalyticsConnector.framework */ = {isa = PBXFileReference; lastKnownFileType = wrapper.framework; name = FIRAnalyticsConnector.framework; path = Carthage/Build/iOS/FIRAnalyticsConnector.framework; sourceTree = "<group>"; };
		42861B8D23A0219F00A8A210 /* FirebaseInAppMessaging.framework */ = {isa = PBXFileReference; lastKnownFileType = wrapper.framework; name = FirebaseInAppMessaging.framework; path = Carthage/Build/iOS/FirebaseInAppMessaging.framework; sourceTree = "<group>"; };
		42861B8E23A0219F00A8A210 /* FirebasePerformance.framework */ = {isa = PBXFileReference; lastKnownFileType = wrapper.framework; name = FirebasePerformance.framework; path = Carthage/Build/iOS/FirebasePerformance.framework; sourceTree = "<group>"; };
		42861B8F23A0219F00A8A210 /* nanopb.framework */ = {isa = PBXFileReference; lastKnownFileType = wrapper.framework; name = nanopb.framework; path = Carthage/Build/iOS/nanopb.framework; sourceTree = "<group>"; };
		42861B9023A0219F00A8A210 /* RealmSwift.framework */ = {isa = PBXFileReference; lastKnownFileType = wrapper.framework; name = RealmSwift.framework; path = Carthage/Build/iOS/RealmSwift.framework; sourceTree = "<group>"; };
		42861B9123A0219F00A8A210 /* FirebaseABTesting.framework */ = {isa = PBXFileReference; lastKnownFileType = wrapper.framework; name = FirebaseABTesting.framework; path = Carthage/Build/iOS/FirebaseABTesting.framework; sourceTree = "<group>"; };
		42861B9223A0219F00A8A210 /* Firebase.framework */ = {isa = PBXFileReference; lastKnownFileType = wrapper.framework; name = Firebase.framework; path = Carthage/Build/iOS/Firebase.framework; sourceTree = "<group>"; };
/* End PBXFileReference section */

/* Begin PBXFrameworksBuildPhase section */
		42861B6223A01C6C00A8A210 /* Frameworks */ = {
			isa = PBXFrameworksBuildPhase;
			buildActionMask = 2147483647;
			files = (
				42861BD623A021C600A8A210 /* GoogleToolboxForMac.framework in Frameworks */,
				42861B9523A0219F00A8A210 /* Realm.framework in Frameworks */,
				42861BD423A021C600A8A210 /* GoogleDataTransportCCTSupport.framework in Frameworks */,
				42861BBE23A021C400A8A210 /* FirebaseABTesting.framework in Frameworks */,
				42861BCA23A021C500A8A210 /* FirebaseInstanceID.framework in Frameworks */,
				42861BD223A021C600A8A210 /* GoogleDataTransport.framework in Frameworks */,
				42861BD823A021C600A8A210 /* GoogleUtilities.framework in Frameworks */,
				42861BB523A021A000A8A210 /* nanopb.framework in Frameworks */,
				42861BB723A021A000A8A210 /* RealmSwift.framework in Frameworks */,
				42861B9F23A0219F00A8A210 /* Protobuf.framework in Frameworks */,
				42861BBB23A021A000A8A210 /* Firebase.framework in Frameworks */,
				42861BC823A021C500A8A210 /* FirebaseInAppMessagingDisplay.framework in Frameworks */,
				42861BC023A021C400A8A210 /* FirebaseAnalytics.framework in Frameworks */,
				42861BC223A021C500A8A210 /* FirebaseCore.framework in Frameworks */,
				42861BD023A021C600A8A210 /* GoogleAppMeasurement.framework in Frameworks */,
				42861BCE23A021C500A8A210 /* FirebaseRemoteConfig.framework in Frameworks */,
				42861B9D23A0219F00A8A210 /* GTMSessionFetcher.framework in Frameworks */,
				42861BAF23A021A000A8A210 /* FIRAnalyticsConnector.framework in Frameworks */,
				42861BC423A021C500A8A210 /* FirebaseCoreDiagnostics.framework in Frameworks */,
				42861BC623A021C500A8A210 /* FirebaseInAppMessaging.framework in Frameworks */,
				42861BCC23A021C500A8A210 /* FirebasePerformance.framework in Frameworks */,
			);
			runOnlyForDeploymentPostprocessing = 0;
		};
/* End PBXFrameworksBuildPhase section */

/* Begin PBXGroup section */
		42861B5C23A01C6C00A8A210 = {
			isa = PBXGroup;
			children = (
				42861B6723A01C6C00A8A210 /* CarthageComparison */,
				42861B6623A01C6C00A8A210 /* Products */,
				42861B7D23A0219E00A8A210 /* Frameworks */,
			);
			sourceTree = "<group>";
		};
		42861B6623A01C6C00A8A210 /* Products */ = {
			isa = PBXGroup;
			children = (
				42861B6523A01C6C00A8A210 /* CarthageComparison.app */,
			);
			name = Products;
			sourceTree = "<group>";
		};
		42861B6723A01C6C00A8A210 /* CarthageComparison */ = {
			isa = PBXGroup;
			children = (
				42861B6823A01C6C00A8A210 /* AppDelegate.swift */,
				42861B6C23A01C6C00A8A210 /* ViewController.swift */,
				42861B6E23A01C6C00A8A210 /* Main.storyboard */,
				42861B7123A01C6E00A8A210 /* Assets.xcassets */,
				42861B7323A01C6E00A8A210 /* LaunchScreen.storyboard */,
				42861B7623A01C6E00A8A210 /* Info.plist */,
			);
			path = CarthageComparison;
			sourceTree = "<group>";
		};
		42861B7D23A0219E00A8A210 /* Frameworks */ = {
			isa = PBXGroup;
			children = (
				42861B8C23A0219F00A8A210 /* FIRAnalyticsConnector.framework */,
				42861B9223A0219F00A8A210 /* Firebase.framework */,
				42861B9123A0219F00A8A210 /* FirebaseABTesting.framework */,
				42861B8023A0219E00A8A210 /* FirebaseAnalytics.framework */,
				42861B8B23A0219F00A8A210 /* FirebaseCore.framework */,
				42861B8A23A0219F00A8A210 /* FirebaseCoreDiagnostics.framework */,
				42861B8D23A0219F00A8A210 /* FirebaseInAppMessaging.framework */,
				42861B8223A0219F00A8A210 /* FirebaseInAppMessagingDisplay.framework */,
				42861B8923A0219F00A8A210 /* FirebaseInstanceID.framework */,
				42861B8E23A0219F00A8A210 /* FirebasePerformance.framework */,
				42861B8523A0219F00A8A210 /* FirebaseRemoteConfig.framework */,
				42861B8623A0219F00A8A210 /* GoogleAppMeasurement.framework */,
				42861B8123A0219F00A8A210 /* GoogleDataTransport.framework */,
				42861B8723A0219F00A8A210 /* GoogleDataTransportCCTSupport.framework */,
				42861B7E23A0219E00A8A210 /* GoogleToolboxForMac.framework */,
				42861B8823A0219F00A8A210 /* GoogleUtilities.framework */,
				42861B8323A0219F00A8A210 /* GTMSessionFetcher.framework */,
				42861B8F23A0219F00A8A210 /* nanopb.framework */,
				42861B8423A0219F00A8A210 /* Protobuf.framework */,
				42861B7F23A0219E00A8A210 /* Realm.framework */,
				42861B9023A0219F00A8A210 /* RealmSwift.framework */,
			);
			name = Frameworks;
			sourceTree = "<group>";
		};
/* End PBXGroup section */

/* Begin PBXNativeTarget section */
		42861B6423A01C6C00A8A210 /* CarthageComparison */ = {
			isa = PBXNativeTarget;
			buildConfigurationList = 42861B7923A01C6E00A8A210 /* Build configuration list for PBXNativeTarget "CarthageComparison" */;
			buildPhases = (
				42861B6123A01C6C00A8A210 /* Sources */,
				42861B6223A01C6C00A8A210 /* Frameworks */,
				42861B6323A01C6C00A8A210 /* Resources */,
				42861B7C23A01C9C00A8A210 /* Carthage Copy Frameworks */,
			);
			buildRules = (
			);
			dependencies = (
			);
			name = CarthageComparison;
			productName = CarthageComparison;
			productReference = 42861B6523A01C6C00A8A210 /* CarthageComparison.app */;
			productType = "com.apple.product-type.application";
		};
/* End PBXNativeTarget section */

/* Begin PBXProject section */
		42861B5D23A01C6C00A8A210 /* Project object */ = {
			isa = PBXProject;
			attributes = {
				LastSwiftUpdateCheck = 1120;
				LastUpgradeCheck = 1120;
				ORGANIZATIONNAME = "Renan Silveira";
				TargetAttributes = {
					42861B6423A01C6C00A8A210 = {
						CreatedOnToolsVersion = 11.2.1;
					};
				};
			};
			buildConfigurationList = 42861B6023A01C6C00A8A210 /* Build configuration list for PBXProject "CarthageComparison" */;
			compatibilityVersion = "Xcode 9.3";
			developmentRegion = en;
			hasScannedForEncodings = 0;
			knownRegions = (
				en,
				Base,
			);
			mainGroup = 42861B5C23A01C6C00A8A210;
			productRefGroup = 42861B6623A01C6C00A8A210 /* Products */;
			projectDirPath = "";
			projectRoot = "";
			targets = (
				42861B6423A01C6C00A8A210 /* CarthageComparison */,
			);
		};
/* End PBXProject section */

/* Begin PBXResourcesBuildPhase section */
		42861B6323A01C6C00A8A210 /* Resources */ = {
			isa = PBXResourcesBuildPhase;
			buildActionMask = 2147483647;
			files = (
				42861B7523A01C6E00A8A210 /* LaunchScreen.storyboard in Resources */,
				42861B7223A01C6E00A8A210 /* Assets.xcassets in Resources */,
				42861B7023A01C6C00A8A210 /* Main.storyboard in Resources */,
			);
			runOnlyForDeploymentPostprocessing = 0;
		};
/* End PBXResourcesBuildPhase section */

/* Begin PBXShellScriptBuildPhase section */
		42861B7C23A01C9C00A8A210 /* Carthage Copy Frameworks */ = {
			isa = PBXShellScriptBuildPhase;
			buildActionMask = 2147483647;
			files = (
			);
			inputFileListPaths = (
			);
			inputPaths = (
				"$(SRCROOT)/Carthage/Build/iOS/FIRAnalyticsConnector.framework",
				"$(SRCROOT)/Carthage/Build/iOS/Firebase.framework",
				"$(SRCROOT)/Carthage/Build/iOS/FirebaseABTesting.framework",
				"$(SRCROOT)/Carthage/Build/iOS/FirebaseAnalytics.framework",
				"$(SRCROOT)/Carthage/Build/iOS/FirebaseCore.framework",
				"$(SRCROOT)/Carthage/Build/iOS/FirebaseCoreDiagnostics.framework",
				"$(SRCROOT)/Carthage/Build/iOS/FirebaseInAppMessaging.framework",
				"$(SRCROOT)/Carthage/Build/iOS/FirebaseInAppMessagingDisplay.framework",
				"$(SRCROOT)/Carthage/Build/iOS/FirebaseInstanceID.framework",
				"$(SRCROOT)/Carthage/Build/iOS/FirebasePerformance.framework",
				"$(SRCROOT)/Carthage/Build/iOS/FirebaseRemoteConfig.framework",
				"$(SRCROOT)/Carthage/Build/iOS/GoogleAppMeasurement.framework",
				"$(SRCROOT)/Carthage/Build/iOS/GoogleDataTransport.framework",
				"$(SRCROOT)/Carthage/Build/iOS/GoogleDataTransportCCTSupport.framework",
				"$(SRCROOT)/Carthage/Build/iOS/GoogleToolboxForMac.framework",
				"$(SRCROOT)/Carthage/Build/iOS/GoogleUtilities.framework",
				"$(SRCROOT)/Carthage/Build/iOS/GTMSessionFetcher.framework",
				"$(SRCROOT)/Carthage/Build/iOS/nanopb.framework",
				"$(SRCROOT)/Carthage/Build/iOS/Protobuf.framework",
				"$(SRCROOT)/Carthage/Build/iOS/Realm.framework",
				"$(SRCROOT)/Carthage/Build/iOS/RealmSwift.framework",
			);
			name = "Carthage Copy Frameworks";
			outputFileListPaths = (
			);
			outputPaths = (
				"$(BUILT_PRODUCTS_DIR)/$(FRAMEWORKS_FOLDER_PATH)/FIRAnalyticsConnector.framework",
				"$(BUILT_PRODUCTS_DIR)/$(FRAMEWORKS_FOLDER_PATH)/Firebase.framework",
				"$(BUILT_PRODUCTS_DIR)/$(FRAMEWORKS_FOLDER_PATH)/FirebaseABTesting.framework",
				"$(BUILT_PRODUCTS_DIR)/$(FRAMEWORKS_FOLDER_PATH)/FirebaseAnalytics.framework",
				"$(BUILT_PRODUCTS_DIR)/$(FRAMEWORKS_FOLDER_PATH)/FirebaseCore.framework",
				"$(BUILT_PRODUCTS_DIR)/$(FRAMEWORKS_FOLDER_PATH)/FirebaseCoreDiagnostics.framework",
				"$(BUILT_PRODUCTS_DIR)/$(FRAMEWORKS_FOLDER_PATH)/FirebaseInAppMessaging.framework",
				"$(BUILT_PRODUCTS_DIR)/$(FRAMEWORKS_FOLDER_PATH)/FirebaseInAppMessagingDisplay.framework",
				"$(BUILT_PRODUCTS_DIR)/$(FRAMEWORKS_FOLDER_PATH)/FirebaseInstanceID.framework",
				"$(BUILT_PRODUCTS_DIR)/$(FRAMEWORKS_FOLDER_PATH)/FirebasePerformance.framework",
				"$(BUILT_PRODUCTS_DIR)/$(FRAMEWORKS_FOLDER_PATH)/FirebaseRemoteConfig.framework",
				"$(BUILT_PRODUCTS_DIR)/$(FRAMEWORKS_FOLDER_PATH)/GoogleAppMeasurement.framework",
				"$(BUILT_PRODUCTS_DIR)/$(FRAMEWORKS_FOLDER_PATH)/GoogleDataTransport.framework",
				"$(BUILT_PRODUCTS_DIR)/$(FRAMEWORKS_FOLDER_PATH)/GoogleDataTransportCCTSupport.framework",
				"$(BUILT_PRODUCTS_DIR)/$(FRAMEWORKS_FOLDER_PATH)/GoogleToolboxForMac.framework",
				"$(BUILT_PRODUCTS_DIR)/$(FRAMEWORKS_FOLDER_PATH)/GoogleUtilities.framework",
				"$(BUILT_PRODUCTS_DIR)/$(FRAMEWORKS_FOLDER_PATH)/GTMSessionFetcher.framework",
				"$(BUILT_PRODUCTS_DIR)/$(FRAMEWORKS_FOLDER_PATH)/nanopb.framework",
				"$(BUILT_PRODUCTS_DIR)/$(FRAMEWORKS_FOLDER_PATH)/Protobuf.framework",
				"$(BUILT_PRODUCTS_DIR)/$(FRAMEWORKS_FOLDER_PATH)/Realm.framework",
				"$(BUILT_PRODUCTS_DIR)/$(FRAMEWORKS_FOLDER_PATH)/RealmSwift.framework",
			);
			runOnlyForDeploymentPostprocessing = 0;
			shellPath = /bin/sh;
			shellScript = "/usr/local/bin/carthage copy-frameworks\n";
		};
/* End PBXShellScriptBuildPhase section */

/* Begin PBXSourcesBuildPhase section */
		42861B6123A01C6C00A8A210 /* Sources */ = {
			isa = PBXSourcesBuildPhase;
			buildActionMask = 2147483647;
			files = (
				42861B6D23A01C6C00A8A210 /* ViewController.swift in Sources */,
				42861B6923A01C6C00A8A210 /* AppDelegate.swift in Sources */,
			);
			runOnlyForDeploymentPostprocessing = 0;
		};
/* End PBXSourcesBuildPhase section */

/* Begin PBXVariantGroup section */
		42861B6E23A01C6C00A8A210 /* Main.storyboard */ = {
			isa = PBXVariantGroup;
			children = (
				42861B6F23A01C6C00A8A210 /* Base */,
			);
			name = Main.storyboard;
			sourceTree = "<group>";
		};
		42861B7323A01C6E00A8A210 /* LaunchScreen.storyboard */ = {
			isa = PBXVariantGroup;
			children = (
				42861B7423A01C6E00A8A210 /* Base */,
			);
			name = LaunchScreen.storyboard;
			sourceTree = "<group>";
		};
/* End PBXVariantGroup section */

/* Begin XCBuildConfiguration section */
		42861B7723A01C6E00A8A210 /* Debug */ = {
			isa = XCBuildConfiguration;
			buildSettings = {
				ALWAYS_SEARCH_USER_PATHS = NO;
				CLANG_ANALYZER_NONNULL = YES;
				CLANG_ANALYZER_NUMBER_OBJECT_CONVERSION = YES_AGGRESSIVE;
				CLANG_CXX_LANGUAGE_STANDARD = "gnu++14";
				CLANG_CXX_LIBRARY = "libc++";
				CLANG_ENABLE_MODULES = YES;
				CLANG_ENABLE_OBJC_ARC = YES;
				CLANG_ENABLE_OBJC_WEAK = YES;
				CLANG_WARN_BLOCK_CAPTURE_AUTORELEASING = YES;
				CLANG_WARN_BOOL_CONVERSION = YES;
				CLANG_WARN_COMMA = YES;
				CLANG_WARN_CONSTANT_CONVERSION = YES;
				CLANG_WARN_DEPRECATED_OBJC_IMPLEMENTATIONS = YES;
				CLANG_WARN_DIRECT_OBJC_ISA_USAGE = YES_ERROR;
				CLANG_WARN_DOCUMENTATION_COMMENTS = YES;
				CLANG_WARN_EMPTY_BODY = YES;
				CLANG_WARN_ENUM_CONVERSION = YES;
				CLANG_WARN_INFINITE_RECURSION = YES;
				CLANG_WARN_INT_CONVERSION = YES;
				CLANG_WARN_NON_LITERAL_NULL_CONVERSION = YES;
				CLANG_WARN_OBJC_IMPLICIT_RETAIN_SELF = YES;
				CLANG_WARN_OBJC_LITERAL_CONVERSION = YES;
				CLANG_WARN_OBJC_ROOT_CLASS = YES_ERROR;
				CLANG_WARN_RANGE_LOOP_ANALYSIS = YES;
				CLANG_WARN_STRICT_PROTOTYPES = YES;
				CLANG_WARN_SUSPICIOUS_MOVE = YES;
				CLANG_WARN_UNGUARDED_AVAILABILITY = YES_AGGRESSIVE;
				CLANG_WARN_UNREACHABLE_CODE = YES;
				CLANG_WARN__DUPLICATE_METHOD_MATCH = YES;
				COPY_PHASE_STRIP = NO;
				DEBUG_INFORMATION_FORMAT = dwarf;
				ENABLE_STRICT_OBJC_MSGSEND = YES;
				ENABLE_TESTABILITY = YES;
				GCC_C_LANGUAGE_STANDARD = gnu11;
				GCC_DYNAMIC_NO_PIC = NO;
				GCC_NO_COMMON_BLOCKS = YES;
				GCC_OPTIMIZATION_LEVEL = 0;
				GCC_PREPROCESSOR_DEFINITIONS = (
					"DEBUG=1",
					"$(inherited)",
				);
				GCC_WARN_64_TO_32_BIT_CONVERSION = YES;
				GCC_WARN_ABOUT_RETURN_TYPE = YES_ERROR;
				GCC_WARN_UNDECLARED_SELECTOR = YES;
				GCC_WARN_UNINITIALIZED_AUTOS = YES_AGGRESSIVE;
				GCC_WARN_UNUSED_FUNCTION = YES;
				GCC_WARN_UNUSED_VARIABLE = YES;
				IPHONEOS_DEPLOYMENT_TARGET = 13.2;
				MTL_ENABLE_DEBUG_INFO = INCLUDE_SOURCE;
				MTL_FAST_MATH = YES;
				ONLY_ACTIVE_ARCH = YES;
				SDKROOT = iphoneos;
				SWIFT_ACTIVE_COMPILATION_CONDITIONS = DEBUG;
				SWIFT_OPTIMIZATION_LEVEL = "-Onone";
			};
			name = Debug;
		};
		42861B7823A01C6E00A8A210 /* Release */ = {
			isa = XCBuildConfiguration;
			buildSettings = {
				ALWAYS_SEARCH_USER_PATHS = NO;
				CLANG_ANALYZER_NONNULL = YES;
				CLANG_ANALYZER_NUMBER_OBJECT_CONVERSION = YES_AGGRESSIVE;
				CLANG_CXX_LANGUAGE_STANDARD = "gnu++14";
				CLANG_CXX_LIBRARY = "libc++";
				CLANG_ENABLE_MODULES = YES;
				CLANG_ENABLE_OBJC_ARC = YES;
				CLANG_ENABLE_OBJC_WEAK = YES;
				CLANG_WARN_BLOCK_CAPTURE_AUTORELEASING = YES;
				CLANG_WARN_BOOL_CONVERSION = YES;
				CLANG_WARN_COMMA = YES;
				CLANG_WARN_CONSTANT_CONVERSION = YES;
				CLANG_WARN_DEPRECATED_OBJC_IMPLEMENTATIONS = YES;
				CLANG_WARN_DIRECT_OBJC_ISA_USAGE = YES_ERROR;
				CLANG_WARN_DOCUMENTATION_COMMENTS = YES;
				CLANG_WARN_EMPTY_BODY = YES;
				CLANG_WARN_ENUM_CONVERSION = YES;
				CLANG_WARN_INFINITE_RECURSION = YES;
				CLANG_WARN_INT_CONVERSION = YES;
				CLANG_WARN_NON_LITERAL_NULL_CONVERSION = YES;
				CLANG_WARN_OBJC_IMPLICIT_RETAIN_SELF = YES;
				CLANG_WARN_OBJC_LITERAL_CONVERSION = YES;
				CLANG_WARN_OBJC_ROOT_CLASS = YES_ERROR;
				CLANG_WARN_RANGE_LOOP_ANALYSIS = YES;
				CLANG_WARN_STRICT_PROTOTYPES = YES;
				CLANG_WARN_SUSPICIOUS_MOVE = YES;
				CLANG_WARN_UNGUARDED_AVAILABILITY = YES_AGGRESSIVE;
				CLANG_WARN_UNREACHABLE_CODE = YES;
				CLANG_WARN__DUPLICATE_METHOD_MATCH = YES;
				COPY_PHASE_STRIP = NO;
				DEBUG_INFORMATION_FORMAT = "dwarf-with-dsym";
				ENABLE_NS_ASSERTIONS = NO;
				ENABLE_STRICT_OBJC_MSGSEND = YES;
				GCC_C_LANGUAGE_STANDARD = gnu11;
				GCC_NO_COMMON_BLOCKS = YES;
				GCC_WARN_64_TO_32_BIT_CONVERSION = YES;
				GCC_WARN_ABOUT_RETURN_TYPE = YES_ERROR;
				GCC_WARN_UNDECLARED_SELECTOR = YES;
				GCC_WARN_UNINITIALIZED_AUTOS = YES_AGGRESSIVE;
				GCC_WARN_UNUSED_FUNCTION = YES;
				GCC_WARN_UNUSED_VARIABLE = YES;
				IPHONEOS_DEPLOYMENT_TARGET = 13.2;
				MTL_ENABLE_DEBUG_INFO = NO;
				MTL_FAST_MATH = YES;
				SDKROOT = iphoneos;
				SWIFT_COMPILATION_MODE = wholemodule;
				SWIFT_OPTIMIZATION_LEVEL = "-O";
				VALIDATE_PRODUCT = YES;
			};
			name = Release;
		};
		42861B7A23A01C6E00A8A210 /* Debug */ = {
			isa = XCBuildConfiguration;
			buildSettings = {
				ASSETCATALOG_COMPILER_APPICON_NAME = AppIcon;
				CODE_SIGN_STYLE = Automatic;
				FRAMEWORK_SEARCH_PATHS = (
					"$(inherited)",
					"$(PROJECT_DIR)/Carthage/Build/iOS",
				);
				INFOPLIST_FILE = CarthageComparison/Info.plist;
				IPHONEOS_DEPLOYMENT_TARGET = 10.3;
				LD_RUNPATH_SEARCH_PATHS = (
					"$(inherited)",
					"@executable_path/Frameworks",
				);
				PRODUCT_BUNDLE_IDENTIFIER = br.com.zup.CarthageComparison;
				PRODUCT_NAME = "$(TARGET_NAME)";
				SWIFT_VERSION = 5.0;
				TARGETED_DEVICE_FAMILY = "1,2";
			};
			name = Debug;
		};
		42861B7B23A01C6E00A8A210 /* Release */ = {
			isa = XCBuildConfiguration;
			buildSettings = {
				ASSETCATALOG_COMPILER_APPICON_NAME = AppIcon;
				CODE_SIGN_STYLE = Automatic;
				FRAMEWORK_SEARCH_PATHS = (
					"$(inherited)",
					"$(PROJECT_DIR)/Carthage/Build/iOS",
				);
				INFOPLIST_FILE = CarthageComparison/Info.plist;
				IPHONEOS_DEPLOYMENT_TARGET = 10.3;
				LD_RUNPATH_SEARCH_PATHS = (
					"$(inherited)",
					"@executable_path/Frameworks",
				);
				PRODUCT_BUNDLE_IDENTIFIER = br.com.zup.CarthageComparison;
				PRODUCT_NAME = "$(TARGET_NAME)";
				SWIFT_VERSION = 5.0;
				TARGETED_DEVICE_FAMILY = "1,2";
			};
			name = Release;
		};
/* End XCBuildConfiguration section */

/* Begin XCConfigurationList section */
		42861B6023A01C6C00A8A210 /* Build configuration list for PBXProject "CarthageComparison" */ = {
			isa = XCConfigurationList;
			buildConfigurations = (
				42861B7723A01C6E00A8A210 /* Debug */,
				42861B7823A01C6E00A8A210 /* Release */,
			);
			defaultConfigurationIsVisible = 0;
			defaultConfigurationName = Release;
		};
		42861B7923A01C6E00A8A210 /* Build configuration list for PBXNativeTarget "CarthageComparison" */ = {
			isa = XCConfigurationList;
			buildConfigurations = (
				42861B7A23A01C6E00A8A210 /* Debug */,
				42861B7B23A01C6E00A8A210 /* Release */,
			);
			defaultConfigurationIsVisible = 0;
			defaultConfigurationName = Release;
		};
/* End XCConfigurationList section */
	};
	rootObject = 42861B5D23A01C6C00A8A210 /* Project object */;
}
